Microsoft Visual Studio Solution File, Format Version 11.00
# Visual Studio 2008

Project("{50C956D7-F1F4-91CE-1A94-1662D5CC3941}") = "PhareAOn", "Assembly-CSharp.csproj", "{E162D66C-D29D-8985-FDD9-6E650185B31B}"
EndProject
Global
	GlobalSection(SolutionConfigurationPlatforms) = preSolution
		Debug|Any CPU = Debug|Any CPU
		Release|Any CPU = Release|Any CPU
	EndGlobalSection
	GlobalSection(ProjectConfigurationPlatforms) = postSolution
		{E162D66C-D29D-8985-FDD9-6E650185B31B}.Debug|Any CPU.ActiveCfg = Debug|Any CPU
		{E162D66C-D29D-8985-FDD9-6E650185B31B}.Debug|Any CPU.Build.0 = Debug|Any CPU
		{E162D66C-D29D-8985-FDD9-6E650185B31B}.Release|Any CPU.ActiveCfg = Release|Any CPU
		{E162D66C-D29D-8985-FDD9-6E650185B31B}.Release|Any CPU.Build.0 = Release|Any CPU
	EndGlobalSection
	GlobalSection(SolutionProperties) = preSolution
		HideSolutionNode = FALSE
	EndGlobalSection
																							GlobalSection(MonoDevelopProperties) = preSolution
		StartupItem = Assembly-CSharp.csproj
		Policies = $0
		$0.TextStylePolicy = $1
		$1.inheritsSet = null
		$1.scope = text/x-csharp
		$0.CSharpFormattingPolicy = $2
		$2.inheritsSet = Mono
		$2.inheritsScope = text/x-csharp
		$2.scope = text/x-csharp
		$0.TextStylePolicy = $3
		$3.FileWidth = 120
		$3.TabWidth = 4
		$3.EolMarker = Unix
		$3.inheritsSet = Mono
		$3.inheritsScope = text/plain
		$3.scope = text/plain
	EndGlobalSection

EndGlobal
